
Microsoft Visual Studio Solution File, Format Version 12.00
# Visual Studio Version 17
VisualStudioVersion = 17.10.34928.147
MinimumVisualStudioVersion = 10.0.40219.1
Project("{FAE04EC0-301F-11D3-BF4B-00C04F79EFBC}") = "Tablicazwielokratniajaca", "Tablicazwielokratniajaca\Tablicazwielokratniajaca.csproj", "{7CC13E11-854C-406C-9CCD-565813140860}"
EndProject
Global
	GlobalSection(SolutionConfigurationPlatforms) = preSolution
		Debug|Any CPU = Debug|Any CPU
		Release|Any CPU = Release|Any CPU
	EndGlobalSection
	GlobalSection(ProjectConfigurationPlatforms) = postSolution
		{7CC13E11-854C-406C-9CCD-565813140860}.Debug|Any CPU.ActiveCfg = Debug|Any CPU
		{7CC13E11-854C-406C-9CCD-565813140860}.Debug|Any CPU.Build.0 = Debug|Any CPU
		{7CC13E11-854C-406C-9CCD-565813140860}.Release|Any CPU.ActiveCfg = Release|Any CPU
		{7CC13E11-854C-406C-9CCD-565813140860}.Release|Any CPU.Build.0 = Release|Any CPU
	EndGlobalSection
	GlobalSection(SolutionProperties) = preSolution
		HideSolutionNode = FALSE
	EndGlobalSection
	GlobalSection(ExtensibilityGlobals) = postSolution
		SolutionGuid = {736AFDF5-26A3-4DC0-BB52-D490218ACACF}
	EndGlobalSection
EndGlobal
